
Microsoft Visual Studio Solution File, Format Version 11.00
# Visual Studio 2010
Project("{FAE04EC0-301F-11D3-BF4B-00C04F79EFBC}") = "ContactSearchDesktop", "ContactSearchDesktop.csproj", "{073F194E-DEC9-4C49-858A-D5ADA95F50D6}"
EndProject
Global
	GlobalSection(SolutionConfigurationPlatforms) = preSolution
		Debug|Any CPU = Debug|Any CPU
		Release|Any CPU = Release|Any CPU
	EndGlobalSection
	GlobalSection(ProjectConfigurationPlatforms) = postSolution
		{073F194E-DEC9-4C49-858A-D5ADA95F50D6}.Debug|Any CPU.ActiveCfg = Debug|Any CPU
		{073F194E-DEC9-4C49-858A-D5ADA95F50D6}.Debug|Any CPU.Build.0 = Debug|Any CPU
		{073F194E-DEC9-4C49-858A-D5ADA95F50D6}.Release|Any CPU.ActiveCfg = Release|Any CPU
		{073F194E-DEC9-4C49-858A-D5ADA95F50D6}.Release|Any CPU.Build.0 = Release|Any CPU
	EndGlobalSection
	GlobalSection(SolutionProperties) = preSolution
		HideSolutionNode = FALSE
	EndGlobalSection
EndGlobal
