
Microsoft Visual Studio Solution File, Format Version 11.00
# Visual Studio 2010
Project("{FAE04EC0-301F-11D3-BF4B-00C04F79EFBC}") = "ContactSearchInputBoxAndContactSearchResultListSilverlight", "ContactSearchInputBoxAndContactSearchResultListSilverlight.csproj", "{62FFCA0A-6487-4C0D-BC4C-7B44E22B0EA3}"
EndProject
Global
	GlobalSection(SolutionConfigurationPlatforms) = preSolution
		Debug|Any CPU = Debug|Any CPU
		Release|Any CPU = Release|Any CPU
	EndGlobalSection
	GlobalSection(ProjectConfigurationPlatforms) = postSolution
		{62FFCA0A-6487-4C0D-BC4C-7B44E22B0EA3}.Debug|Any CPU.ActiveCfg = Debug|Any CPU
		{62FFCA0A-6487-4C0D-BC4C-7B44E22B0EA3}.Debug|Any CPU.Build.0 = Debug|Any CPU
		{62FFCA0A-6487-4C0D-BC4C-7B44E22B0EA3}.Release|Any CPU.ActiveCfg = Release|Any CPU
		{62FFCA0A-6487-4C0D-BC4C-7B44E22B0EA3}.Release|Any CPU.Build.0 = Release|Any CPU
	EndGlobalSection
	GlobalSection(SolutionProperties) = preSolution
		HideSolutionNode = FALSE
	EndGlobalSection
EndGlobal
