
Microsoft Visual Studio Solution File, Format Version 12.00
# Visual Studio 14
VisualStudioVersion = 14.0.24720.0
MinimumVisualStudioVersion = 10.0.40219.1
Project("{FAE04EC0-301F-11D3-BF4B-00C04F79EFBC}") = "VoiceCompanion", "VoiceCompanion.csproj", "{7CCBC795-DBD3-4F38-8663-B57B70C8770A}"
EndProject
Project("{FAE04EC0-301F-11D3-BF4B-00C04F79EFBC}") = "Common", "..\Common\Common.csproj", "{A5437BB4-AF0E-4217-BA8D-3F7B7A89A4E9}"
EndProject
Global
	GlobalSection(SolutionConfigurationPlatforms) = preSolution
		Debug|Any CPU = Debug|Any CPU
		Debug|x64 = Debug|x64
		Release|Any CPU = Release|Any CPU
		Release|x64 = Release|x64
	EndGlobalSection
	GlobalSection(ProjectConfigurationPlatforms) = postSolution
		{7CCBC795-DBD3-4F38-8663-B57B70C8770A}.Debug|Any CPU.ActiveCfg = Debug|Any CPU
		{7CCBC795-DBD3-4F38-8663-B57B70C8770A}.Debug|Any CPU.Build.0 = Debug|Any CPU
		{7CCBC795-DBD3-4F38-8663-B57B70C8770A}.Debug|x64.ActiveCfg = Debug|x64
		{7CCBC795-DBD3-4F38-8663-B57B70C8770A}.Debug|x64.Build.0 = Debug|x64
		{7CCBC795-DBD3-4F38-8663-B57B70C8770A}.Release|Any CPU.ActiveCfg = Release|Any CPU
		{7CCBC795-DBD3-4F38-8663-B57B70C8770A}.Release|Any CPU.Build.0 = Release|Any CPU
		{7CCBC795-DBD3-4F38-8663-B57B70C8770A}.Release|x64.ActiveCfg = Release|x64
		{7CCBC795-DBD3-4F38-8663-B57B70C8770A}.Release|x64.Build.0 = Release|x64
		{A5437BB4-AF0E-4217-BA8D-3F7B7A89A4E9}.Debug|Any CPU.ActiveCfg = Debug|Any CPU
		{A5437BB4-AF0E-4217-BA8D-3F7B7A89A4E9}.Debug|Any CPU.Build.0 = Debug|Any CPU
		{A5437BB4-AF0E-4217-BA8D-3F7B7A89A4E9}.Debug|x64.ActiveCfg = Debug|x64
		{A5437BB4-AF0E-4217-BA8D-3F7B7A89A4E9}.Debug|x64.Build.0 = Debug|x64
		{A5437BB4-AF0E-4217-BA8D-3F7B7A89A4E9}.Release|Any CPU.ActiveCfg = Release|Any CPU
		{A5437BB4-AF0E-4217-BA8D-3F7B7A89A4E9}.Release|Any CPU.Build.0 = Release|Any CPU
		{A5437BB4-AF0E-4217-BA8D-3F7B7A89A4E9}.Release|x64.ActiveCfg = Release|x64
		{A5437BB4-AF0E-4217-BA8D-3F7B7A89A4E9}.Release|x64.Build.0 = Release|x64
	EndGlobalSection
	GlobalSection(SolutionProperties) = preSolution
		HideSolutionNode = FALSE
	EndGlobalSection
EndGlobal
