
Microsoft Visual Studio Solution File, Format Version 11.00
# Visual Studio 2010
Project("{FAE04EC0-301F-11D3-BF4B-00C04F79EFBC}") = "MyStatusAreaDesktop", "MyStatusAreaDesktop.csproj", "{DCC124F0-9583-4978-8090-C3B1C1C06296}"
EndProject
Global
	GlobalSection(SolutionConfigurationPlatforms) = preSolution
		Debug|Any CPU = Debug|Any CPU
		Release|Any CPU = Release|Any CPU
	EndGlobalSection
	GlobalSection(ProjectConfigurationPlatforms) = postSolution
		{DCC124F0-9583-4978-8090-C3B1C1C06296}.Debug|Any CPU.ActiveCfg = Debug|Any CPU
		{DCC124F0-9583-4978-8090-C3B1C1C06296}.Debug|Any CPU.Build.0 = Debug|Any CPU
		{DCC124F0-9583-4978-8090-C3B1C1C06296}.Release|Any CPU.ActiveCfg = Release|Any CPU
		{DCC124F0-9583-4978-8090-C3B1C1C06296}.Release|Any CPU.Build.0 = Release|Any CPU
	EndGlobalSection
	GlobalSection(SolutionProperties) = preSolution
		HideSolutionNode = FALSE
	EndGlobalSection
EndGlobal
