
Microsoft Visual Studio Solution File, Format Version 12.00
# Visual Studio 14
VisualStudioVersion = 14.0.25123.0
MinimumVisualStudioVersion = 10.0.40219.1
Project("{FAE04EC0-301F-11D3-BF4B-00C04F79EFBC}") = "Lync", "LyncUISupression\Lync.csproj", "{9FB97656-D74F-4EBE-9A98-58FF3492AC93}"
EndProject
Project("{2150E333-8FDC-42A3-9474-1A3956D46DE8}") = "Document", "Document", "{2B50A299-087A-4C1F-8E61-0F405DF4B92A}"
	ProjectSection(SolutionItems) = preProject
		Document\Creating a conference with Lync 2010 SDK.md = Document\Creating a conference with Lync 2010 SDK.md
		Document\Creating a conference with only one user via Lync api - Meet Now.md = Document\Creating a conference with only one user via Lync api - Meet Now.md
		Document\How can i get the Meeting URL and Conference ID in Assigned Conference Information by UCMA 4.0.md = Document\How can i get the Meeting URL and Conference ID in Assigned Conference Information by UCMA 4.0.md
		Document\How do I in Lync 2013 SDK.md = Document\How do I in Lync 2013 SDK.md
		Document\How to  Join a Lync conversation.md = Document\How to  Join a Lync conversation.md
		Document\How to  Sign in to and out of Lync.md = Document\How to  Sign in to and out of Lync.md
		Document\How to Start a Lync IM conversation.md = Document\How to Start a Lync IM conversation.md
		Document\install  lync2013  sdk  error.md = Document\install  lync2013  sdk  error.md
		Document\Lync  account.md = Document\Lync  account.md
		Document\Lync.md = Document\Lync.md
		SIP.md = SIP.md
		Document\The 6 things you need to know about UI Suppression Mode.md = Document\The 6 things you need to know about UI Suppression Mode.md
		Document\UCMA.md = Document\UCMA.md
		Document\UI suppression.md = Document\UI suppression.md
		Document\UISuppression-OFF.reg = Document\UISuppression-OFF.reg
		Document\UISuppression-ON.reg = Document\UISuppression-ON.reg
		Document\在无需 Skype for Business (Lync) 帐户的情况下从 Windows Phone 加入 Skype for Business (Lync) 会议.md = Document\在无需 Skype for Business (Lync) 帐户的情况下从 Windows Phone 加入 Skype for Business (Lync) 会议.md
	EndProjectSection
EndProject
Project("{FAE04EC0-301F-11D3-BF4B-00C04F79EFBC}") = "Kiosk", "Kiosk\Kiosk.csproj", "{D19814DB-FAD0-43B0-89DB-BA3AA88239B1}"
EndProject
Global
	GlobalSection(SolutionConfigurationPlatforms) = preSolution
		Debug|Any CPU = Debug|Any CPU
		Debug|x86 = Debug|x86
		Release|Any CPU = Release|Any CPU
		Release|x86 = Release|x86
	EndGlobalSection
	GlobalSection(ProjectConfigurationPlatforms) = postSolution
		{9FB97656-D74F-4EBE-9A98-58FF3492AC93}.Debug|Any CPU.ActiveCfg = Debug|Any CPU
		{9FB97656-D74F-4EBE-9A98-58FF3492AC93}.Debug|Any CPU.Build.0 = Debug|Any CPU
		{9FB97656-D74F-4EBE-9A98-58FF3492AC93}.Debug|x86.ActiveCfg = Debug|x86
		{9FB97656-D74F-4EBE-9A98-58FF3492AC93}.Debug|x86.Build.0 = Debug|x86
		{9FB97656-D74F-4EBE-9A98-58FF3492AC93}.Release|Any CPU.ActiveCfg = Release|Any CPU
		{9FB97656-D74F-4EBE-9A98-58FF3492AC93}.Release|Any CPU.Build.0 = Release|Any CPU
		{9FB97656-D74F-4EBE-9A98-58FF3492AC93}.Release|x86.ActiveCfg = Release|x86
		{9FB97656-D74F-4EBE-9A98-58FF3492AC93}.Release|x86.Build.0 = Release|x86
		{D19814DB-FAD0-43B0-89DB-BA3AA88239B1}.Debug|Any CPU.ActiveCfg = Debug|Any CPU
		{D19814DB-FAD0-43B0-89DB-BA3AA88239B1}.Debug|Any CPU.Build.0 = Debug|Any CPU
		{D19814DB-FAD0-43B0-89DB-BA3AA88239B1}.Debug|x86.ActiveCfg = Debug|x86
		{D19814DB-FAD0-43B0-89DB-BA3AA88239B1}.Debug|x86.Build.0 = Debug|x86
		{D19814DB-FAD0-43B0-89DB-BA3AA88239B1}.Release|Any CPU.ActiveCfg = Release|Any CPU
		{D19814DB-FAD0-43B0-89DB-BA3AA88239B1}.Release|Any CPU.Build.0 = Release|Any CPU
		{D19814DB-FAD0-43B0-89DB-BA3AA88239B1}.Release|x86.ActiveCfg = Release|x86
		{D19814DB-FAD0-43B0-89DB-BA3AA88239B1}.Release|x86.Build.0 = Release|x86
	EndGlobalSection
	GlobalSection(SolutionProperties) = preSolution
		HideSolutionNode = FALSE
	EndGlobalSection
EndGlobal
