
Microsoft Visual Studio Solution File, Format Version 12.00
# Visual Studio 14
VisualStudioVersion = 14.0.25123.0
MinimumVisualStudioVersion = 10.0.40219.1
Project("{FAE04EC0-301F-11D3-BF4B-00C04F79EFBC}") = "Lync", "LyncUISupression\Lync.csproj", "{9FB97656-D74F-4EBE-9A98-58FF3492AC93}"
EndProject
Project("{2150E333-8FDC-42A3-9474-1A3956D46DE8}") = "Document", "Document", "{2B50A299-087A-4C1F-8E61-0F405DF4B92A}"
	ProjectSection(SolutionItems) = preProject
		Document\Creating a conference with Lync 2010 SDK.md = Document\Creating a conference with Lync 2010 SDK.md
		Document\Creating a conference with only one user via Lync api - Meet Now.md = Document\Creating a conference with only one user via Lync api - Meet Now.md
		Document\How can i get the Meeting URL and Conference ID in Assigned Conference Information by UCMA 4.0.md = Document\How can i get the Meeting URL and Conference ID in Assigned Conference Information by UCMA 4.0.md
		Document\How do I in Lync 2013 SDK.md = Document\How do I in Lync 2013 SDK.md
		Document\How to  Join a Lync conversation.md = Document\How to  Join a Lync conversation.md
		Document\How to  Sign in to and out of Lync.md = Document\How to  Sign in to and out of Lync.md
		Document\How to Start a Lync IM conversation.md = Document\How to Start a Lync IM conversation.md
		Document\install  lync2013  sdk  error.md = Document\install  lync2013  sdk  error.md
		Document\Join a Lync Meeting from your Windows Phone without a Lync account.md = Document\Join a Lync Meeting from your Windows Phone without a Lync account.md
		Document\Lync  account.md = Document\Lync  account.md
		Document\Lync.md = Document\Lync.md
		SIP.md = SIP.md
		Document\Skype.md = Document\Skype.md
		Document\The 6 things you need to know about UI Suppression Mode.md = Document\The 6 things you need to know about UI Suppression Mode.md
		Document\UCMA.md = Document\UCMA.md
		Document\UI suppression.md = Document\UI suppression.md
		Document\UISuppression-OFF.reg = Document\UISuppression-OFF.reg
		Document\UISuppression-ON.reg = Document\UISuppression-ON.reg
	EndProjectSection
EndProject
Project("{FAE04EC0-301F-11D3-BF4B-00C04F79EFBC}") = "Kiosk", "Kiosk\Kiosk.csproj", "{D19814DB-FAD0-43B0-89DB-BA3AA88239B1}"
EndProject
Project("{FAE04EC0-301F-11D3-BF4B-00C04F79EFBC}") = "BlueOfficeLync", "BlueOfficeLync\BlueOfficeLync.csproj", "{9960A915-A5A8-4C65-98E4-D32CE947B6FC}"
EndProject
Project("{2150E333-8FDC-42A3-9474-1A3956D46DE8}") = "Image", "Image", "{A7DF4CDC-8AE8-480A-ACD5-BD3D0051494A}"
	ProjectSection(SolutionItems) = preProject
		Document\Image\1.png = Document\Image\1.png
		Document\Image\2.png = Document\Image\2.png
		Document\Image\3.png = Document\Image\3.png
		Document\Image\4.png = Document\Image\4.png
		Document\Image\5.png = Document\Image\5.png
		Document\Image\6.png = Document\Image\6.png
		Document\Image\7.png = Document\Image\7.png
		Document\Image\signin_1.png = Document\Image\signin_1.png
	EndProjectSection
EndProject
Global
	GlobalSection(SolutionConfigurationPlatforms) = preSolution
		Debug|Any CPU = Debug|Any CPU
		Debug|ARM = Debug|ARM
		Debug|x64 = Debug|x64
		Debug|x86 = Debug|x86
		Release|Any CPU = Release|Any CPU
		Release|ARM = Release|ARM
		Release|x64 = Release|x64
		Release|x86 = Release|x86
	EndGlobalSection
	GlobalSection(ProjectConfigurationPlatforms) = postSolution
		{9FB97656-D74F-4EBE-9A98-58FF3492AC93}.Debug|Any CPU.ActiveCfg = Debug|Any CPU
		{9FB97656-D74F-4EBE-9A98-58FF3492AC93}.Debug|Any CPU.Build.0 = Debug|Any CPU
		{9FB97656-D74F-4EBE-9A98-58FF3492AC93}.Debug|ARM.ActiveCfg = Debug|Any CPU
		{9FB97656-D74F-4EBE-9A98-58FF3492AC93}.Debug|ARM.Build.0 = Debug|Any CPU
		{9FB97656-D74F-4EBE-9A98-58FF3492AC93}.Debug|x64.ActiveCfg = Debug|Any CPU
		{9FB97656-D74F-4EBE-9A98-58FF3492AC93}.Debug|x64.Build.0 = Debug|Any CPU
		{9FB97656-D74F-4EBE-9A98-58FF3492AC93}.Debug|x86.ActiveCfg = Debug|x86
		{9FB97656-D74F-4EBE-9A98-58FF3492AC93}.Debug|x86.Build.0 = Debug|x86
		{9FB97656-D74F-4EBE-9A98-58FF3492AC93}.Release|Any CPU.ActiveCfg = Release|Any CPU
		{9FB97656-D74F-4EBE-9A98-58FF3492AC93}.Release|Any CPU.Build.0 = Release|Any CPU
		{9FB97656-D74F-4EBE-9A98-58FF3492AC93}.Release|ARM.ActiveCfg = Release|Any CPU
		{9FB97656-D74F-4EBE-9A98-58FF3492AC93}.Release|ARM.Build.0 = Release|Any CPU
		{9FB97656-D74F-4EBE-9A98-58FF3492AC93}.Release|x64.ActiveCfg = Release|Any CPU
		{9FB97656-D74F-4EBE-9A98-58FF3492AC93}.Release|x64.Build.0 = Release|Any CPU
		{9FB97656-D74F-4EBE-9A98-58FF3492AC93}.Release|x86.ActiveCfg = Release|x86
		{9FB97656-D74F-4EBE-9A98-58FF3492AC93}.Release|x86.Build.0 = Release|x86
		{D19814DB-FAD0-43B0-89DB-BA3AA88239B1}.Debug|Any CPU.ActiveCfg = Debug|Any CPU
		{D19814DB-FAD0-43B0-89DB-BA3AA88239B1}.Debug|Any CPU.Build.0 = Debug|Any CPU
		{D19814DB-FAD0-43B0-89DB-BA3AA88239B1}.Debug|ARM.ActiveCfg = Debug|Any CPU
		{D19814DB-FAD0-43B0-89DB-BA3AA88239B1}.Debug|ARM.Build.0 = Debug|Any CPU
		{D19814DB-FAD0-43B0-89DB-BA3AA88239B1}.Debug|x64.ActiveCfg = Debug|Any CPU
		{D19814DB-FAD0-43B0-89DB-BA3AA88239B1}.Debug|x64.Build.0 = Debug|Any CPU
		{D19814DB-FAD0-43B0-89DB-BA3AA88239B1}.Debug|x86.ActiveCfg = Debug|x86
		{D19814DB-FAD0-43B0-89DB-BA3AA88239B1}.Debug|x86.Build.0 = Debug|x86
		{D19814DB-FAD0-43B0-89DB-BA3AA88239B1}.Release|Any CPU.ActiveCfg = Release|Any CPU
		{D19814DB-FAD0-43B0-89DB-BA3AA88239B1}.Release|Any CPU.Build.0 = Release|Any CPU
		{D19814DB-FAD0-43B0-89DB-BA3AA88239B1}.Release|ARM.ActiveCfg = Release|Any CPU
		{D19814DB-FAD0-43B0-89DB-BA3AA88239B1}.Release|ARM.Build.0 = Release|Any CPU
		{D19814DB-FAD0-43B0-89DB-BA3AA88239B1}.Release|x64.ActiveCfg = Release|Any CPU
		{D19814DB-FAD0-43B0-89DB-BA3AA88239B1}.Release|x64.Build.0 = Release|Any CPU
		{D19814DB-FAD0-43B0-89DB-BA3AA88239B1}.Release|x86.ActiveCfg = Release|x86
		{D19814DB-FAD0-43B0-89DB-BA3AA88239B1}.Release|x86.Build.0 = Release|x86
		{9960A915-A5A8-4C65-98E4-D32CE947B6FC}.Debug|Any CPU.ActiveCfg = Debug|Any CPU
		{9960A915-A5A8-4C65-98E4-D32CE947B6FC}.Debug|Any CPU.Build.0 = Debug|Any CPU
		{9960A915-A5A8-4C65-98E4-D32CE947B6FC}.Debug|ARM.ActiveCfg = Debug|Any CPU
		{9960A915-A5A8-4C65-98E4-D32CE947B6FC}.Debug|ARM.Build.0 = Debug|Any CPU
		{9960A915-A5A8-4C65-98E4-D32CE947B6FC}.Debug|x64.ActiveCfg = Debug|Any CPU
		{9960A915-A5A8-4C65-98E4-D32CE947B6FC}.Debug|x64.Build.0 = Debug|Any CPU
		{9960A915-A5A8-4C65-98E4-D32CE947B6FC}.Debug|x86.ActiveCfg = Debug|Any CPU
		{9960A915-A5A8-4C65-98E4-D32CE947B6FC}.Debug|x86.Build.0 = Debug|Any CPU
		{9960A915-A5A8-4C65-98E4-D32CE947B6FC}.Release|Any CPU.ActiveCfg = Release|Any CPU
		{9960A915-A5A8-4C65-98E4-D32CE947B6FC}.Release|Any CPU.Build.0 = Release|Any CPU
		{9960A915-A5A8-4C65-98E4-D32CE947B6FC}.Release|ARM.ActiveCfg = Release|Any CPU
		{9960A915-A5A8-4C65-98E4-D32CE947B6FC}.Release|ARM.Build.0 = Release|Any CPU
		{9960A915-A5A8-4C65-98E4-D32CE947B6FC}.Release|x64.ActiveCfg = Release|Any CPU
		{9960A915-A5A8-4C65-98E4-D32CE947B6FC}.Release|x64.Build.0 = Release|Any CPU
		{9960A915-A5A8-4C65-98E4-D32CE947B6FC}.Release|x86.ActiveCfg = Release|Any CPU
		{9960A915-A5A8-4C65-98E4-D32CE947B6FC}.Release|x86.Build.0 = Release|Any CPU
	EndGlobalSection
	GlobalSection(SolutionProperties) = preSolution
		HideSolutionNode = FALSE
	EndGlobalSection
	GlobalSection(NestedProjects) = preSolution
		{A7DF4CDC-8AE8-480A-ACD5-BD3D0051494A} = {2B50A299-087A-4C1F-8E61-0F405DF4B92A}
	EndGlobalSection
EndGlobal
